
Microsoft Visual Studio Solution File, Format Version 12.00
# Visual Studio Version 17
VisualStudioVersion = 17.6.33723.286
MinimumVisualStudioVersion = 10.0.40219.1
Project("{9A19103F-16F7-4668-BE54-9A1E7A4F7556}") = "Basic", "Basic\Basic.csproj", "{AE665B6F-0E67-420B-B7B8-2B4457D67540}"
EndProject
Project("{FAE04EC0-301F-11D3-BF4B-00C04F79EFBC}") = "BasicTests", "BasicTests\BasicTests.csproj", "{92807D86-C4B5-4747-8D1E-13F833D61DEB}"
EndProject
Global
	GlobalSection(SolutionConfigurationPlatforms) = preSolution
		Debug|Any CPU = Debug|Any CPU
		Release|Any CPU = Release|Any CPU
	EndGlobalSection
	GlobalSection(ProjectConfigurationPlatforms) = postSolution
		{AE665B6F-0E67-420B-B7B8-2B4457D67540}.Debug|Any CPU.ActiveCfg = Debug|Any CPU
		{AE665B6F-0E67-420B-B7B8-2B4457D67540}.Debug|Any CPU.Build.0 = Debug|Any CPU
		{AE665B6F-0E67-420B-B7B8-2B4457D67540}.Release|Any CPU.ActiveCfg = Release|Any CPU
		{AE665B6F-0E67-420B-B7B8-2B4457D67540}.Release|Any CPU.Build.0 = Release|Any CPU
		{92807D86-C4B5-4747-8D1E-13F833D61DEB}.Debug|Any CPU.ActiveCfg = Debug|Any CPU
		{92807D86-C4B5-4747-8D1E-13F833D61DEB}.Debug|Any CPU.Build.0 = Debug|Any CPU
		{92807D86-C4B5-4747-8D1E-13F833D61DEB}.Release|Any CPU.ActiveCfg = Release|Any CPU
		{92807D86-C4B5-4747-8D1E-13F833D61DEB}.Release|Any CPU.Build.0 = Release|Any CPU
	EndGlobalSection
	GlobalSection(SolutionProperties) = preSolution
		HideSolutionNode = FALSE
	EndGlobalSection
	GlobalSection(ExtensibilityGlobals) = postSolution
		SolutionGuid = {EB33E3B8-9C2A-4AF2-B1B7-885B0462CC32}
	EndGlobalSection
EndGlobal
